{
  "name": "@definejs/query",
  "version": "0.1.0",
  "lockfileVersion": 1,
  "requires": true,
  "dependencies": {
    "@definejs/object": {
      "version": "0.1.2",
      "resolved": "https://registry.npmjs.org/@definejs/object/-/object-0.1.2.tgz",
      "integrity": "sha512-BlqYBwqW8BeQzm4CTzZ3GItEGi2DyEnLnrTr7iqprKWGfRkVIDthReIPDF6CtAq+uyWFXIgXiSwEW62Cucl9/w=="
    },
    "@definejs/string": {
      "version": "0.1.1",
      "resolved": "https://registry.npmjs.org/@definejs/string/-/string-0.1.1.tgz",
      "integrity": "sha512-PXDOGU3Crg7SWte4V0Z2oR6ZB/Kmf4dVFBN4MR93NvSWnaNxtDGoxdDgcmcoByVxqtfiO8wxNUurYaotyRf56g=="
    }
  }
}
